
Microsoft Visual Studio Solution File, Format Version 12.00
# Visual Studio Version 16
VisualStudioVersion = 16.0.29503.13
MinimumVisualStudioVersion = 10.0.40219.1
Project("{9A19103F-16F7-4668-BE54-9A1E7A4F7556}") = "Iot.SenseHat", "Iot.SenseHat\Iot.SenseHat.csproj", "{EC3DCF8E-CA99-46D3-B36E-80054783087D}"
EndProject
Project("{FAE04EC0-301F-11D3-BF4B-00C04F79EFBC}") = "Iot.SenseHat.Console", "Iot.SenseHat.Console\Iot.SenseHat.Console.csproj", "{994C1B44-3BC2-4C1A-8C8D-831379A3DC9C}"
EndProject
Global
	GlobalSection(SolutionConfigurationPlatforms) = preSolution
		Debug|Any CPU = Debug|Any CPU
		Release|Any CPU = Release|Any CPU
	EndGlobalSection
	GlobalSection(ProjectConfigurationPlatforms) = postSolution
		{EC3DCF8E-CA99-46D3-B36E-80054783087D}.Debug|Any CPU.ActiveCfg = Debug|Any CPU
		{EC3DCF8E-CA99-46D3-B36E-80054783087D}.Debug|Any CPU.Build.0 = Debug|Any CPU
		{EC3DCF8E-CA99-46D3-B36E-80054783087D}.Release|Any CPU.ActiveCfg = Release|Any CPU
		{EC3DCF8E-CA99-46D3-B36E-80054783087D}.Release|Any CPU.Build.0 = Release|Any CPU
		{994C1B44-3BC2-4C1A-8C8D-831379A3DC9C}.Debug|Any CPU.ActiveCfg = Debug|Any CPU
		{994C1B44-3BC2-4C1A-8C8D-831379A3DC9C}.Debug|Any CPU.Build.0 = Debug|Any CPU
		{994C1B44-3BC2-4C1A-8C8D-831379A3DC9C}.Release|Any CPU.ActiveCfg = Release|Any CPU
		{994C1B44-3BC2-4C1A-8C8D-831379A3DC9C}.Release|Any CPU.Build.0 = Release|Any CPU
	EndGlobalSection
	GlobalSection(SolutionProperties) = preSolution
		HideSolutionNode = FALSE
	EndGlobalSection
	GlobalSection(ExtensibilityGlobals) = postSolution
		SolutionGuid = {F92176CF-E518-475D-91E5-4F05DF5A063D}
	EndGlobalSection
EndGlobal
